
Microsoft Visual Studio Solution File, Format Version 12.00
# Visual Studio Version 17
VisualStudioVersion = 17.11.35222.181
MinimumVisualStudioVersion = 10.0.40219.1
Project("{FAE04EC0-301F-11D3-BF4B-00C04F79EFBC}") = "FileHandlingApp", "FileHandlingApp.csproj", "{6FE02EFB-5CFE-43E6-A150-0DF71EEBF30F}"
EndProject
Global
	GlobalSection(SolutionConfigurationPlatforms) = preSolution
		Debug|Any CPU = Debug|Any CPU
		Release|Any CPU = Release|Any CPU
	EndGlobalSection
	GlobalSection(ProjectConfigurationPlatforms) = postSolution
		{6FE02EFB-5CFE-43E6-A150-0DF71EEBF30F}.Debug|Any CPU.ActiveCfg = Debug|Any CPU
		{6FE02EFB-5CFE-43E6-A150-0DF71EEBF30F}.Debug|Any CPU.Build.0 = Debug|Any CPU
		{6FE02EFB-5CFE-43E6-A150-0DF71EEBF30F}.Release|Any CPU.ActiveCfg = Release|Any CPU
		{6FE02EFB-5CFE-43E6-A150-0DF71EEBF30F}.Release|Any CPU.Build.0 = Release|Any CPU
	EndGlobalSection
	GlobalSection(SolutionProperties) = preSolution
		HideSolutionNode = FALSE
	EndGlobalSection
	GlobalSection(ExtensibilityGlobals) = postSolution
		SolutionGuid = {BEE72C9A-B8D3-4D39-850D-C4EADDCFF310}
	EndGlobalSection
EndGlobal
