
Microsoft Visual Studio Solution File, Format Version 12.00
# Visual Studio Version 17
VisualStudioVersion = 17.11.35222.181
MinimumVisualStudioVersion = 10.0.40219.1
Project("{FAE04EC0-301F-11D3-BF4B-00C04F79EFBC}") = "AccountExceptionDemo", "AccountExceptionDemo.csproj", "{447CA867-4F51-4778-B7CE-3D336A5B85C5}"
EndProject
Global
	GlobalSection(SolutionConfigurationPlatforms) = preSolution
		Debug|Any CPU = Debug|Any CPU
		Release|Any CPU = Release|Any CPU
	EndGlobalSection
	GlobalSection(ProjectConfigurationPlatforms) = postSolution
		{447CA867-4F51-4778-B7CE-3D336A5B85C5}.Debug|Any CPU.ActiveCfg = Debug|Any CPU
		{447CA867-4F51-4778-B7CE-3D336A5B85C5}.Debug|Any CPU.Build.0 = Debug|Any CPU
		{447CA867-4F51-4778-B7CE-3D336A5B85C5}.Release|Any CPU.ActiveCfg = Release|Any CPU
		{447CA867-4F51-4778-B7CE-3D336A5B85C5}.Release|Any CPU.Build.0 = Release|Any CPU
	EndGlobalSection
	GlobalSection(SolutionProperties) = preSolution
		HideSolutionNode = FALSE
	EndGlobalSection
	GlobalSection(ExtensibilityGlobals) = postSolution
		SolutionGuid = {1F6F6C09-2342-4A71-8D4B-8AC3DBFC7F9F}
	EndGlobalSection
EndGlobal
