
Microsoft Visual Studio Solution File, Format Version 12.00
# Visual Studio Version 17
VisualStudioVersion = 17.11.35222.181
MinimumVisualStudioVersion = 10.0.40219.1
Project("{FAE04EC0-301F-11D3-BF4B-00C04F79EFBC}") = "FactorialApp", "FactorialApp.csproj", "{FB6E5B20-1A1B-45A4-8453-7EFD9631A765}"
EndProject
Global
	GlobalSection(SolutionConfigurationPlatforms) = preSolution
		Debug|Any CPU = Debug|Any CPU
		Release|Any CPU = Release|Any CPU
	EndGlobalSection
	GlobalSection(ProjectConfigurationPlatforms) = postSolution
		{FB6E5B20-1A1B-45A4-8453-7EFD9631A765}.Debug|Any CPU.ActiveCfg = Debug|Any CPU
		{FB6E5B20-1A1B-45A4-8453-7EFD9631A765}.Debug|Any CPU.Build.0 = Debug|Any CPU
		{FB6E5B20-1A1B-45A4-8453-7EFD9631A765}.Release|Any CPU.ActiveCfg = Release|Any CPU
		{FB6E5B20-1A1B-45A4-8453-7EFD9631A765}.Release|Any CPU.Build.0 = Release|Any CPU
	EndGlobalSection
	GlobalSection(SolutionProperties) = preSolution
		HideSolutionNode = FALSE
	EndGlobalSection
	GlobalSection(ExtensibilityGlobals) = postSolution
		SolutionGuid = {3CDA8C06-848D-488C-B8AF-35D8B9ED3472}
	EndGlobalSection
EndGlobal
