
Microsoft Visual Studio Solution File, Format Version 12.00
# Visual Studio Version 17
VisualStudioVersion = 17.11.35222.181
MinimumVisualStudioVersion = 10.0.40219.1
Project("{FAE04EC0-301F-11D3-BF4B-00C04F79EFBC}") = "NumberGuessApp", "NumberGuessApp.csproj", "{A9274357-EBC2-4685-8D32-F1DC1388D9FC}"
EndProject
Global
	GlobalSection(SolutionConfigurationPlatforms) = preSolution
		Debug|Any CPU = Debug|Any CPU
		Release|Any CPU = Release|Any CPU
	EndGlobalSection
	GlobalSection(ProjectConfigurationPlatforms) = postSolution
		{A9274357-EBC2-4685-8D32-F1DC1388D9FC}.Debug|Any CPU.ActiveCfg = Debug|Any CPU
		{A9274357-EBC2-4685-8D32-F1DC1388D9FC}.Debug|Any CPU.Build.0 = Debug|Any CPU
		{A9274357-EBC2-4685-8D32-F1DC1388D9FC}.Release|Any CPU.ActiveCfg = Release|Any CPU
		{A9274357-EBC2-4685-8D32-F1DC1388D9FC}.Release|Any CPU.Build.0 = Release|Any CPU
	EndGlobalSection
	GlobalSection(SolutionProperties) = preSolution
		HideSolutionNode = FALSE
	EndGlobalSection
	GlobalSection(ExtensibilityGlobals) = postSolution
		SolutionGuid = {20B2995B-5DE7-4D91-81E7-FCAD55DD895F}
	EndGlobalSection
EndGlobal
