
Microsoft Visual Studio Solution File, Format Version 12.00
# Visual Studio Version 17
VisualStudioVersion = 17.11.35222.181
MinimumVisualStudioVersion = 10.0.40219.1
Project("{FAE04EC0-301F-11D3-BF4B-00C04F79EFBC}") = "AuthorBooksLibrary", "AuthorBooksLibrary\AuthorBooksLibrary.csproj", "{93A685A7-EDEE-49F4-AB8C-61F7D668D5E7}"
EndProject
Global
	GlobalSection(SolutionConfigurationPlatforms) = preSolution
		Debug|Any CPU = Debug|Any CPU
		Release|Any CPU = Release|Any CPU
	EndGlobalSection
	GlobalSection(ProjectConfigurationPlatforms) = postSolution
		{93A685A7-EDEE-49F4-AB8C-61F7D668D5E7}.Debug|Any CPU.ActiveCfg = Debug|Any CPU
		{93A685A7-EDEE-49F4-AB8C-61F7D668D5E7}.Debug|Any CPU.Build.0 = Debug|Any CPU
		{93A685A7-EDEE-49F4-AB8C-61F7D668D5E7}.Release|Any CPU.ActiveCfg = Release|Any CPU
		{93A685A7-EDEE-49F4-AB8C-61F7D668D5E7}.Release|Any CPU.Build.0 = Release|Any CPU
	EndGlobalSection
	GlobalSection(SolutionProperties) = preSolution
		HideSolutionNode = FALSE
	EndGlobalSection
	GlobalSection(ExtensibilityGlobals) = postSolution
		SolutionGuid = {555F0C5C-3A1F-44AA-8772-44D8FF254829}
	EndGlobalSection
EndGlobal
